
Microsoft Visual Studio Solution File, Format Version 12.00
# Visual Studio Version 18
VisualStudioVersion = 18.0.11222.15 d18.0
MinimumVisualStudioVersion = 10.0.40219.1
Project("{FAE04EC0-301F-11D3-BF4B-00C04F79EFBC}") = "Milvasoft.Messaging", "Milvasoft.Messaging.csproj", "{F408FEAF-F88A-4978-8219-4B3D58FC9725}"
EndProject
Project("{2150E333-8FDC-42A3-9474-1A3956D46DE8}") = "build", "build", "{AEEE45E9-C0ED-4DCC-8BB9-0663E87CCD8B}"
	ProjectSection(SolutionItems) = preProject
		.github\workflows\nuget.yml = .github\workflows\nuget.yml
	EndProjectSection
EndProject
Global
	GlobalSection(SolutionConfigurationPlatforms) = preSolution
		Debug|Any CPU = Debug|Any CPU
		Release|Any CPU = Release|Any CPU
	EndGlobalSection
	GlobalSection(ProjectConfigurationPlatforms) = postSolution
		{F408FEAF-F88A-4978-8219-4B3D58FC9725}.Debug|Any CPU.ActiveCfg = Debug|Any CPU
		{F408FEAF-F88A-4978-8219-4B3D58FC9725}.Debug|Any CPU.Build.0 = Debug|Any CPU
		{F408FEAF-F88A-4978-8219-4B3D58FC9725}.Release|Any CPU.ActiveCfg = Release|Any CPU
		{F408FEAF-F88A-4978-8219-4B3D58FC9725}.Release|Any CPU.Build.0 = Release|Any CPU
	EndGlobalSection
	GlobalSection(SolutionProperties) = preSolution
		HideSolutionNode = FALSE
	EndGlobalSection
	GlobalSection(ExtensibilityGlobals) = postSolution
		SolutionGuid = {8C441BE0-A731-4F99-B114-AF410B6E616D}
	EndGlobalSection
EndGlobal
